
Microsoft Visual Studio Solution File, Format Version 12.00
# Visual Studio Version 17
VisualStudioVersion = 17.8.34525.116
MinimumVisualStudioVersion = 10.0.40219.1
Project("{FAE04EC0-301F-11D3-BF4B-00C04F79EFBC}") = "CabInvoiceDemo", "CabInvoiceDemo\CabInvoiceDemo.csproj", "{7A10585B-0A18-4EDD-869D-41AD9879FD58}"
EndProject
Global
	GlobalSection(SolutionConfigurationPlatforms) = preSolution
		Debug|Any CPU = Debug|Any CPU
		Release|Any CPU = Release|Any CPU
	EndGlobalSection
	GlobalSection(ProjectConfigurationPlatforms) = postSolution
		{7A10585B-0A18-4EDD-869D-41AD9879FD58}.Debug|Any CPU.ActiveCfg = Debug|Any CPU
		{7A10585B-0A18-4EDD-869D-41AD9879FD58}.Debug|Any CPU.Build.0 = Debug|Any CPU
		{7A10585B-0A18-4EDD-869D-41AD9879FD58}.Release|Any CPU.ActiveCfg = Release|Any CPU
		{7A10585B-0A18-4EDD-869D-41AD9879FD58}.Release|Any CPU.Build.0 = Release|Any CPU
	EndGlobalSection
	GlobalSection(SolutionProperties) = preSolution
		HideSolutionNode = FALSE
	EndGlobalSection
	GlobalSection(ExtensibilityGlobals) = postSolution
		SolutionGuid = {C2ECCD6E-E161-41D5-B782-AED21BF83DBD}
	EndGlobalSection
EndGlobal
